{
  "name": "710eaf4cd3f4c9a7",
  "lockfileVersion": 3,
  "requires": true,
  "packages": {
    "": {
      "dependencies": {
        "pnpm": "^9.0.0"
      }
    },
    "node_modules/pnpm": {
      "version": "9.0.0",
      "resolved": "https://registry.npmjs.org/pnpm/-/pnpm-9.0.0.tgz",
      "integrity": "sha512-tBBnB8ciWxdIthWVlTzL6/+XtUrQXQAqo2NfYzucU81mb3zpuLxEcE8foEi5pJtVNxqy2enWZ9Hv4u8VFLzVEw==",
      "license": "MIT",
      "bin": {
        "pnpm": "bin/pnpm.cjs",
        "pnpx": "bin/pnpx.cjs"
      },
      "engines": {
        "node": ">=18.12"
      },
      "funding": {
        "url": "https://opencollective.com/pnpm"
      }
    }
  }
}
